
Microsoft Visual Studio Solution File, Format Version 12.00
# Visual Studio Version 17
VisualStudioVersion = 17.13.35931.197
MinimumVisualStudioVersion = 10.0.40219.1
Project("{FAE04EC0-301F-11D3-BF4B-00C04F79EFBC}") = "Producer", "Producer\Producer.csproj", "{2F3451E9-762F-4025-97AC-95B56655AD5B}"
EndProject
Project("{FAE04EC0-301F-11D3-BF4B-00C04F79EFBC}") = "Consumer", "Consumer\Consumer.csproj", "{86F3AA26-CB83-4EB7-9AF0-B0514998B0E3}"
EndProject
Project("{FAE04EC0-301F-11D3-BF4B-00C04F79EFBC}") = "ProduceMultiple", "ProduceMultiple\ProduceMultiple.csproj", "{92728F57-C15F-4E6A-B0CE-FB8F0E7EFE89}"
EndProject
Project("{FAE04EC0-301F-11D3-BF4B-00C04F79EFBC}") = "ConsumeMultiple", "ConsumeMultiple\ConsumeMultiple.csproj", "{DC2CFF57-1AC2-407E-A1F8-61496B2162DD}"
EndProject
Project("{FAE04EC0-301F-11D3-BF4B-00C04F79EFBC}") = "Publish", "Publish\Publish.csproj", "{46245C8A-A000-4D4B-9637-FA0E0F4BF259}"
EndProject
Project("{FAE04EC0-301F-11D3-BF4B-00C04F79EFBC}") = "Subscribe.Log", "Subscribe.Log\Subscribe.Log.csproj", "{C02C4794-FFA8-4AED-BC2C-241F181D8BB9}"
EndProject
Project("{FAE04EC0-301F-11D3-BF4B-00C04F79EFBC}") = "Subscribe.SendEmail", "Subscribe.SendEmail\Subscribe.SendEmail.csproj", "{815F0B93-A924-4ACD-ADC1-5B4F14720D12}"
EndProject
Global
	GlobalSection(SolutionConfigurationPlatforms) = preSolution
		Debug|Any CPU = Debug|Any CPU
		Release|Any CPU = Release|Any CPU
	EndGlobalSection
	GlobalSection(ProjectConfigurationPlatforms) = postSolution
		{2F3451E9-762F-4025-97AC-95B56655AD5B}.Debug|Any CPU.ActiveCfg = Debug|Any CPU
		{2F3451E9-762F-4025-97AC-95B56655AD5B}.Debug|Any CPU.Build.0 = Debug|Any CPU
		{2F3451E9-762F-4025-97AC-95B56655AD5B}.Release|Any CPU.ActiveCfg = Release|Any CPU
		{2F3451E9-762F-4025-97AC-95B56655AD5B}.Release|Any CPU.Build.0 = Release|Any CPU
		{86F3AA26-CB83-4EB7-9AF0-B0514998B0E3}.Debug|Any CPU.ActiveCfg = Debug|Any CPU
		{86F3AA26-CB83-4EB7-9AF0-B0514998B0E3}.Debug|Any CPU.Build.0 = Debug|Any CPU
		{86F3AA26-CB83-4EB7-9AF0-B0514998B0E3}.Release|Any CPU.ActiveCfg = Release|Any CPU
		{86F3AA26-CB83-4EB7-9AF0-B0514998B0E3}.Release|Any CPU.Build.0 = Release|Any CPU
		{92728F57-C15F-4E6A-B0CE-FB8F0E7EFE89}.Debug|Any CPU.ActiveCfg = Debug|Any CPU
		{92728F57-C15F-4E6A-B0CE-FB8F0E7EFE89}.Debug|Any CPU.Build.0 = Debug|Any CPU
		{92728F57-C15F-4E6A-B0CE-FB8F0E7EFE89}.Release|Any CPU.ActiveCfg = Release|Any CPU
		{92728F57-C15F-4E6A-B0CE-FB8F0E7EFE89}.Release|Any CPU.Build.0 = Release|Any CPU
		{DC2CFF57-1AC2-407E-A1F8-61496B2162DD}.Debug|Any CPU.ActiveCfg = Debug|Any CPU
		{DC2CFF57-1AC2-407E-A1F8-61496B2162DD}.Debug|Any CPU.Build.0 = Debug|Any CPU
		{DC2CFF57-1AC2-407E-A1F8-61496B2162DD}.Release|Any CPU.ActiveCfg = Release|Any CPU
		{DC2CFF57-1AC2-407E-A1F8-61496B2162DD}.Release|Any CPU.Build.0 = Release|Any CPU
		{46245C8A-A000-4D4B-9637-FA0E0F4BF259}.Debug|Any CPU.ActiveCfg = Debug|Any CPU
		{46245C8A-A000-4D4B-9637-FA0E0F4BF259}.Debug|Any CPU.Build.0 = Debug|Any CPU
		{46245C8A-A000-4D4B-9637-FA0E0F4BF259}.Release|Any CPU.ActiveCfg = Release|Any CPU
		{46245C8A-A000-4D4B-9637-FA0E0F4BF259}.Release|Any CPU.Build.0 = Release|Any CPU
		{C02C4794-FFA8-4AED-BC2C-241F181D8BB9}.Debug|Any CPU.ActiveCfg = Debug|Any CPU
		{C02C4794-FFA8-4AED-BC2C-241F181D8BB9}.Debug|Any CPU.Build.0 = Debug|Any CPU
		{C02C4794-FFA8-4AED-BC2C-241F181D8BB9}.Release|Any CPU.ActiveCfg = Release|Any CPU
		{C02C4794-FFA8-4AED-BC2C-241F181D8BB9}.Release|Any CPU.Build.0 = Release|Any CPU
		{815F0B93-A924-4ACD-ADC1-5B4F14720D12}.Debug|Any CPU.ActiveCfg = Debug|Any CPU
		{815F0B93-A924-4ACD-ADC1-5B4F14720D12}.Debug|Any CPU.Build.0 = Debug|Any CPU
		{815F0B93-A924-4ACD-ADC1-5B4F14720D12}.Release|Any CPU.ActiveCfg = Release|Any CPU
		{815F0B93-A924-4ACD-ADC1-5B4F14720D12}.Release|Any CPU.Build.0 = Release|Any CPU
	EndGlobalSection
	GlobalSection(SolutionProperties) = preSolution
		HideSolutionNode = FALSE
	EndGlobalSection
	GlobalSection(ExtensibilityGlobals) = postSolution
		SolutionGuid = {878676FF-D99F-4B66-88D6-C92B98D91D5D}
	EndGlobalSection
EndGlobal
